
Microsoft Visual Studio Solution File, Format Version 12.00
# Visual Studio Version 17
VisualStudioVersion = 17.8.34511.84
MinimumVisualStudioVersion = 10.0.40219.1
Project("{F184B08F-C81C-45F6-A57F-5ABD9991F28F}") = "202109710_tarea06", "202109710_tarea06\202109710_tarea06.vbproj", "{28CE72DC-A153-43E5-9BD4-B61A4134C2A6}"
EndProject
Global
	GlobalSection(SolutionConfigurationPlatforms) = preSolution
		Debug|Any CPU = Debug|Any CPU
		Release|Any CPU = Release|Any CPU
	EndGlobalSection
	GlobalSection(ProjectConfigurationPlatforms) = postSolution
		{28CE72DC-A153-43E5-9BD4-B61A4134C2A6}.Debug|Any CPU.ActiveCfg = Debug|Any CPU
		{28CE72DC-A153-43E5-9BD4-B61A4134C2A6}.Debug|Any CPU.Build.0 = Debug|Any CPU
		{28CE72DC-A153-43E5-9BD4-B61A4134C2A6}.Release|Any CPU.ActiveCfg = Release|Any CPU
		{28CE72DC-A153-43E5-9BD4-B61A4134C2A6}.Release|Any CPU.Build.0 = Release|Any CPU
	EndGlobalSection
	GlobalSection(SolutionProperties) = preSolution
		HideSolutionNode = FALSE
	EndGlobalSection
	GlobalSection(ExtensibilityGlobals) = postSolution
		SolutionGuid = {FF4EFB30-3BD3-4D97-BBC2-FF6A6052E647}
	EndGlobalSection
EndGlobal
